
Microsoft Visual Studio Solution File, Format Version 12.00
# Visual Studio Version 16
VisualStudioVersion = 16.0.30523.141
MinimumVisualStudioVersion = 10.0.40219.1
Project("{9A19103F-16F7-4668-BE54-9A1E7A4F7556}") = "DesicionUI", "DesicionUI\DesicionUI.csproj", "{E83DE7F7-68C6-4462-B5AF-4B086C59B820}"
EndProject
Project("{FAE04EC0-301F-11D3-BF4B-00C04F79EFBC}") = "Desicion", "Desicion\Desicion.csproj", "{8A976E87-6627-4CF3-A95B-67EB0F6A3755}"
EndProject
Global
	GlobalSection(SolutionConfigurationPlatforms) = preSolution
		Debug|Any CPU = Debug|Any CPU
		Release|Any CPU = Release|Any CPU
	EndGlobalSection
	GlobalSection(ProjectConfigurationPlatforms) = postSolution
		{E83DE7F7-68C6-4462-B5AF-4B086C59B820}.Debug|Any CPU.ActiveCfg = Debug|Any CPU
		{E83DE7F7-68C6-4462-B5AF-4B086C59B820}.Debug|Any CPU.Build.0 = Debug|Any CPU
		{E83DE7F7-68C6-4462-B5AF-4B086C59B820}.Release|Any CPU.ActiveCfg = Release|Any CPU
		{E83DE7F7-68C6-4462-B5AF-4B086C59B820}.Release|Any CPU.Build.0 = Release|Any CPU
		{8A976E87-6627-4CF3-A95B-67EB0F6A3755}.Debug|Any CPU.ActiveCfg = Debug|Any CPU
		{8A976E87-6627-4CF3-A95B-67EB0F6A3755}.Debug|Any CPU.Build.0 = Debug|Any CPU
		{8A976E87-6627-4CF3-A95B-67EB0F6A3755}.Release|Any CPU.ActiveCfg = Release|Any CPU
		{8A976E87-6627-4CF3-A95B-67EB0F6A3755}.Release|Any CPU.Build.0 = Release|Any CPU
	EndGlobalSection
	GlobalSection(SolutionProperties) = preSolution
		HideSolutionNode = FALSE
	EndGlobalSection
	GlobalSection(ExtensibilityGlobals) = postSolution
		SolutionGuid = {C29E3C89-EE9D-4766-97AE-2540DD6CC858}
	EndGlobalSection
EndGlobal
