
Microsoft Visual Studio Solution File, Format Version 12.00
# Visual Studio Version 16
VisualStudioVersion = 16.0.30711.63
MinimumVisualStudioVersion = 10.0.40219.1
Project("{9A19103F-16F7-4668-BE54-9A1E7A4F7556}") = "DirectSearch", "DirectSearch\DirectSearch.csproj", "{172FB520-107A-4360-A19F-389DAA60D0AC}"
EndProject
Project("{9A19103F-16F7-4668-BE54-9A1E7A4F7556}") = "DirectSearchUI", "Direct SearchUI\DirectSearchUI.csproj", "{4C136E36-BD3B-4757-B181-4BF74EA79736}"
EndProject
Global
	GlobalSection(SolutionConfigurationPlatforms) = preSolution
		Debug|Any CPU = Debug|Any CPU
		Release|Any CPU = Release|Any CPU
	EndGlobalSection
	GlobalSection(ProjectConfigurationPlatforms) = postSolution
		{172FB520-107A-4360-A19F-389DAA60D0AC}.Debug|Any CPU.ActiveCfg = Debug|Any CPU
		{172FB520-107A-4360-A19F-389DAA60D0AC}.Debug|Any CPU.Build.0 = Debug|Any CPU
		{172FB520-107A-4360-A19F-389DAA60D0AC}.Release|Any CPU.ActiveCfg = Release|Any CPU
		{172FB520-107A-4360-A19F-389DAA60D0AC}.Release|Any CPU.Build.0 = Release|Any CPU
		{4C136E36-BD3B-4757-B181-4BF74EA79736}.Debug|Any CPU.ActiveCfg = Debug|Any CPU
		{4C136E36-BD3B-4757-B181-4BF74EA79736}.Debug|Any CPU.Build.0 = Debug|Any CPU
		{4C136E36-BD3B-4757-B181-4BF74EA79736}.Release|Any CPU.ActiveCfg = Release|Any CPU
		{4C136E36-BD3B-4757-B181-4BF74EA79736}.Release|Any CPU.Build.0 = Release|Any CPU
	EndGlobalSection
	GlobalSection(SolutionProperties) = preSolution
		HideSolutionNode = FALSE
	EndGlobalSection
	GlobalSection(ExtensibilityGlobals) = postSolution
		SolutionGuid = {C3B10774-C0AA-4F7E-9CB5-CD17D3EEAEF5}
	EndGlobalSection
EndGlobal
