
Microsoft Visual Studio Solution File, Format Version 12.00
# Visual Studio Version 16
VisualStudioVersion = 16.0.30711.63
MinimumVisualStudioVersion = 10.0.40219.1
Project("{9A19103F-16F7-4668-BE54-9A1E7A4F7556}") = "MaximumUtility", "MaximumUtility\MaximumUtility.csproj", "{AC4BD341-2C32-46F1-AD64-6D714B53E25F}"
EndProject
Project("{9A19103F-16F7-4668-BE54-9A1E7A4F7556}") = "MaximumUtilityUI", "MaximumUtilityUI\MaximumUtilityUI.csproj", "{5D552CE9-71A3-4D43-82B7-D9D38320D187}"
EndProject
Global
	GlobalSection(SolutionConfigurationPlatforms) = preSolution
		Debug|Any CPU = Debug|Any CPU
		Release|Any CPU = Release|Any CPU
	EndGlobalSection
	GlobalSection(ProjectConfigurationPlatforms) = postSolution
		{AC4BD341-2C32-46F1-AD64-6D714B53E25F}.Debug|Any CPU.ActiveCfg = Debug|Any CPU
		{AC4BD341-2C32-46F1-AD64-6D714B53E25F}.Debug|Any CPU.Build.0 = Debug|Any CPU
		{AC4BD341-2C32-46F1-AD64-6D714B53E25F}.Release|Any CPU.ActiveCfg = Release|Any CPU
		{AC4BD341-2C32-46F1-AD64-6D714B53E25F}.Release|Any CPU.Build.0 = Release|Any CPU
		{5D552CE9-71A3-4D43-82B7-D9D38320D187}.Debug|Any CPU.ActiveCfg = Debug|Any CPU
		{5D552CE9-71A3-4D43-82B7-D9D38320D187}.Debug|Any CPU.Build.0 = Debug|Any CPU
		{5D552CE9-71A3-4D43-82B7-D9D38320D187}.Release|Any CPU.ActiveCfg = Release|Any CPU
		{5D552CE9-71A3-4D43-82B7-D9D38320D187}.Release|Any CPU.Build.0 = Release|Any CPU
	EndGlobalSection
	GlobalSection(SolutionProperties) = preSolution
		HideSolutionNode = FALSE
	EndGlobalSection
	GlobalSection(ExtensibilityGlobals) = postSolution
		SolutionGuid = {43579DA7-301C-4DEC-A3FA-5C914B61E68D}
	EndGlobalSection
EndGlobal
