
Microsoft Visual Studio Solution File, Format Version 12.00
# Visual Studio Version 16
VisualStudioVersion = 16.0.30523.141
MinimumVisualStudioVersion = 10.0.40219.1
Project("{FAE04EC0-301F-11D3-BF4B-00C04F79EFBC}") = "RatingUI", "RatingUI\RatingUI.csproj", "{32F203ED-49BE-4BD7-A1EC-8A7D904E720E}"
EndProject
Project("{FAE04EC0-301F-11D3-BF4B-00C04F79EFBC}") = "Rating", "Rating\Rating.csproj", "{768155DF-C699-4A60-93E2-D61BDD112C26}"
EndProject
Global
	GlobalSection(SolutionConfigurationPlatforms) = preSolution
		Debug|Any CPU = Debug|Any CPU
		Release|Any CPU = Release|Any CPU
	EndGlobalSection
	GlobalSection(ProjectConfigurationPlatforms) = postSolution
		{32F203ED-49BE-4BD7-A1EC-8A7D904E720E}.Debug|Any CPU.ActiveCfg = Debug|Any CPU
		{32F203ED-49BE-4BD7-A1EC-8A7D904E720E}.Debug|Any CPU.Build.0 = Debug|Any CPU
		{32F203ED-49BE-4BD7-A1EC-8A7D904E720E}.Release|Any CPU.ActiveCfg = Release|Any CPU
		{32F203ED-49BE-4BD7-A1EC-8A7D904E720E}.Release|Any CPU.Build.0 = Release|Any CPU
		{768155DF-C699-4A60-93E2-D61BDD112C26}.Debug|Any CPU.ActiveCfg = Debug|Any CPU
		{768155DF-C699-4A60-93E2-D61BDD112C26}.Debug|Any CPU.Build.0 = Debug|Any CPU
		{768155DF-C699-4A60-93E2-D61BDD112C26}.Release|Any CPU.ActiveCfg = Release|Any CPU
		{768155DF-C699-4A60-93E2-D61BDD112C26}.Release|Any CPU.Build.0 = Release|Any CPU
	EndGlobalSection
	GlobalSection(SolutionProperties) = preSolution
		HideSolutionNode = FALSE
	EndGlobalSection
	GlobalSection(ExtensibilityGlobals) = postSolution
		SolutionGuid = {E6BE33BD-8DC5-415E-B777-12CB1E84735C}
	EndGlobalSection
EndGlobal
